
Microsoft Visual Studio Solution File, Format Version 12.00
# Visual Studio Version 17
VisualStudioVersion = 17.12.35728.132 d17.12
MinimumVisualStudioVersion = 10.0.40219.1
Project("{FAE04EC0-301F-11D3-BF4B-00C04F79EFBC}") = "CPresentacion", "PeruLee\CPresentacion.csproj", "{D6D20A10-8C61-4015-81E8-C00C935026AA}"
EndProject
Project("{FAE04EC0-301F-11D3-BF4B-00C04F79EFBC}") = "CEntidad", "CEntidad\CEntidad.csproj", "{9F64BE97-82C4-48AD-84F4-CECA90071106}"
EndProject
Project("{FAE04EC0-301F-11D3-BF4B-00C04F79EFBC}") = "CDatos", "CDatos\CDatos.csproj", "{2C1AEAD0-C44D-4941-89C2-D25F2EE562AD}"
EndProject
Project("{FAE04EC0-301F-11D3-BF4B-00C04F79EFBC}") = "CNegocio", "CNegocio\CNegocio.csproj", "{909417F6-93C7-44B2-96FE-38A96B5AB045}"
EndProject
Global
	GlobalSection(SolutionConfigurationPlatforms) = preSolution
		Debug|Any CPU = Debug|Any CPU
		Release|Any CPU = Release|Any CPU
	EndGlobalSection
	GlobalSection(ProjectConfigurationPlatforms) = postSolution
		{D6D20A10-8C61-4015-81E8-C00C935026AA}.Debug|Any CPU.ActiveCfg = Debug|Any CPU
		{D6D20A10-8C61-4015-81E8-C00C935026AA}.Debug|Any CPU.Build.0 = Debug|Any CPU
		{D6D20A10-8C61-4015-81E8-C00C935026AA}.Release|Any CPU.ActiveCfg = Release|Any CPU
		{D6D20A10-8C61-4015-81E8-C00C935026AA}.Release|Any CPU.Build.0 = Release|Any CPU
		{9F64BE97-82C4-48AD-84F4-CECA90071106}.Debug|Any CPU.ActiveCfg = Debug|Any CPU
		{9F64BE97-82C4-48AD-84F4-CECA90071106}.Debug|Any CPU.Build.0 = Debug|Any CPU
		{9F64BE97-82C4-48AD-84F4-CECA90071106}.Release|Any CPU.ActiveCfg = Release|Any CPU
		{9F64BE97-82C4-48AD-84F4-CECA90071106}.Release|Any CPU.Build.0 = Release|Any CPU
		{2C1AEAD0-C44D-4941-89C2-D25F2EE562AD}.Debug|Any CPU.ActiveCfg = Debug|Any CPU
		{2C1AEAD0-C44D-4941-89C2-D25F2EE562AD}.Debug|Any CPU.Build.0 = Debug|Any CPU
		{2C1AEAD0-C44D-4941-89C2-D25F2EE562AD}.Release|Any CPU.ActiveCfg = Release|Any CPU
		{2C1AEAD0-C44D-4941-89C2-D25F2EE562AD}.Release|Any CPU.Build.0 = Release|Any CPU
		{909417F6-93C7-44B2-96FE-38A96B5AB045}.Debug|Any CPU.ActiveCfg = Debug|Any CPU
		{909417F6-93C7-44B2-96FE-38A96B5AB045}.Debug|Any CPU.Build.0 = Debug|Any CPU
		{909417F6-93C7-44B2-96FE-38A96B5AB045}.Release|Any CPU.ActiveCfg = Release|Any CPU
		{909417F6-93C7-44B2-96FE-38A96B5AB045}.Release|Any CPU.Build.0 = Release|Any CPU
	EndGlobalSection
	GlobalSection(SolutionProperties) = preSolution
		HideSolutionNode = FALSE
	EndGlobalSection
EndGlobal
